{
  "name": "myproject",
  "version": "1.0.0",
  "lockfileVersion": 1,
  "requires": true,
  "dependencies": {
    "responsive-sketchpad": {
      "version": "0.2.1",
      "resolved": "https://registry.npmjs.org/responsive-sketchpad/-/responsive-sketchpad-0.2.1.tgz",
      "integrity": "sha512-IlCQ7rnB6xg7WpXkVI6i3kL+7oN5zdmxgUq73KX4doQGXjsuB1uaPFppx3GtRwC6getNZr90zvvB2FdVO4uOFQ==",
      "dev": true
    }
  }
}
